{
  "version": 4,
  "terraform_version": "0.15.4",
  "serial": 164,
  "lineage": "aeb57501-1c93-4a20-6a48-71d07a830daa",
  "outputs": {},
  "resources": [
    {
      "mode": "data",
      "type": "sops_file",
      "name": "secrets",
      "provider": "provider[\"registry.terraform.io/carlpett/sops\"]",
      "instances": [
        {
          "schema_version": 0,
          "attributes": {
            "data": {
              "k3s.ssh_key": "ssh-ed25519 AAAAC3NzaC1lZDI1NTE5AAAAIE8zyMqlC1LHHWWk0v/wdfaVGYBoZSvD64xaAQZ5dOYh dave@mrry.io",
              "proxmox.pm_password": "Peacgarden1a!@"
            },
            "id": "-",
            "input_type": null,
            "raw": "k3s:\n    ssh_key: ssh-ed25519 AAAAC3NzaC1lZDI1NTE5AAAAIE8zyMqlC1LHHWWk0v/wdfaVGYBoZSvD64xaAQZ5dOYh dave@mrry.io\nproxmox:\n    pm_password: Peacgarden1a!@\n",
            "source_file": ".secrets.yaml"
          },
          "sensitive_attributes": []
        }
      ]
    },
    {
      "mode": "managed",
      "type": "proxmox_vm_qemu",
      "name": "kube-master",
      "provider": "provider[\"registry.terraform.io/telmate/proxmox\"]",
      "instances": [
        {
          "index_key": "k3s-m1",
          "schema_version": 0,
          "attributes": {
            "additional_wait": 15,
            "agent": 1,
            "args": "",
            "balloon": 0,
            "bios": "seabios",
            "boot": "cdn",
            "bootdisk": "scsi0",
            "bridge": "",
            "ci_wait": null,
            "cicustom": "",
            "cipassword": "",
            "ciuser": "root",
            "clone": "k3s-h1-debian10-cloudimg",
            "clone_wait": 15,
            "cloudinit_cdrom_storage": null,
            "cores": 4,
            "cpu": "host",
            "default_ipv4_address": "172.22.0.229",
            "define_connection_info": true,
            "desc": "",
            "disk": [
              {
                "backup": 0,
                "cache": "none",
                "discard": "on",
                "file": "vm-100-disk-0",
                "format": "raw",
                "iothread": 0,
                "mbps": 0,
                "mbps_rd": 0,
                "mbps_rd_max": 0,
                "mbps_wr": 0,
                "mbps_wr_max": 0,
                "media": "",
                "replicate": 0,
                "size": "16G",
                "slot": 0,
                "ssd": 1,
                "storage": "local-lvm",
                "storage_type": "lvmthin",
                "type": "scsi",
                "volume": "local-lvm:vm-100-disk-0"
              }
            ],
            "disk_gb": 0,
            "force_create": false,
            "force_recreate_on_change_of": null,
            "full_clone": true,
            "guest_agent_ready_timeout": 600,
            "hastate": "",
            "hotplug": "network,disk,usb",
            "id": "k3s-h1/qemu/100",
            "ipconfig0": "ip=172.22.0.210/24,gw=172.22.0.254",
            "ipconfig1": "",
            "ipconfig2": "",
            "iso": null,
            "kvm": true,
            "mac": "",
            "memory": 4096,
            "name": "k3s-m1",
            "nameserver": "172.16.0.254",
            "network": [
              {
                "bridge": "vmbr0",
                "firewall": true,
                "link_down": false,
                "macaddr": "02:DE:4D:48:28:01",
                "model": "virtio",
                "queues": 0,
                "rate": 0,
                "tag": 22
              }
            ],
            "nic": "",
            "numa": false,
            "onboot": true,
            "os_network_config": null,
            "os_type": "cloud-init",
            "pool": "",
            "preprovision": true,
            "qemu_os": "other",
            "reboot_required": false,
            "scsihw": "virtio-scsi-pci",
            "searchdomain": "k3s.mrry.io",
            "serial": [
              {
                "id": 0,
                "type": "socket"
              }
            ],
            "sockets": 1,
            "ssh_forward_ip": null,
            "ssh_host": "172.22.0.229",
            "ssh_port": "22",
            "ssh_private_key": null,
            "ssh_user": null,
            "sshkeys": "ssh-ed25519 AAAAC3NzaC1lZDI1NTE5AAAAIE8zyMqlC1LHHWWk0v/wdfaVGYBoZSvD64xaAQZ5dOYh dave@mrry.io\n",
            "storage": "",
            "storage_type": "",
            "tags": "",
            "target_node": "k3s-h1",
            "unused_disk": [],
            "vcpus": 0,
            "vga": [
              {
                "memory": 0,
                "type": "qxl"
              }
            ],
            "vlan": -1,
            "vmid": 100
          },
          "sensitive_attributes": [
            [
              {
                "type": "get_attr",
                "value": "sshkeys"
              }
            ]
          ],
          "private": "bnVsbA==",
          "dependencies": [
            "data.sops_file.secrets"
          ]
        },
        {
          "index_key": "k3s-m2",
          "schema_version": 0,
          "attributes": {
            "additional_wait": 15,
            "agent": 1,
            "args": "",
            "balloon": 0,
            "bios": "seabios",
            "boot": "cdn",
            "bootdisk": "scsi0",
            "bridge": "",
            "ci_wait": null,
            "cicustom": "",
            "cipassword": "",
            "ciuser": "root",
            "clone": "k3s-h2-debian10-cloudimg",
            "clone_wait": 15,
            "cloudinit_cdrom_storage": null,
            "cores": 4,
            "cpu": "host",
            "default_ipv4_address": "172.22.0.230",
            "define_connection_info": true,
            "desc": "",
            "disk": [
              {
                "backup": 0,
                "cache": "none",
                "discard": "on",
                "file": "vm-200-disk-0",
                "format": "raw",
                "iothread": 0,
                "mbps": 0,
                "mbps_rd": 0,
                "mbps_rd_max": 0,
                "mbps_wr": 0,
                "mbps_wr_max": 0,
                "media": "",
                "replicate": 0,
                "size": "16G",
                "slot": 0,
                "ssd": 1,
                "storage": "local-lvm",
                "storage_type": "lvmthin",
                "type": "scsi",
                "volume": "local-lvm:vm-200-disk-0"
              }
            ],
            "disk_gb": 0,
            "force_create": false,
            "force_recreate_on_change_of": null,
            "full_clone": true,
            "guest_agent_ready_timeout": 600,
            "hastate": "",
            "hotplug": "network,disk,usb",
            "id": "k3s-h2/qemu/200",
            "ipconfig0": "ip=172.22.0.211/24,gw=172.22.0.254",
            "ipconfig1": "",
            "ipconfig2": "",
            "iso": null,
            "kvm": true,
            "mac": "",
            "memory": 4096,
            "name": "k3s-m2",
            "nameserver": "172.16.0.254",
            "network": [
              {
                "bridge": "vmbr0",
                "firewall": true,
                "link_down": false,
                "macaddr": "02:DE:4D:48:28:02",
                "model": "virtio",
                "queues": 0,
                "rate": 0,
                "tag": 22
              }
            ],
            "nic": "",
            "numa": false,
            "onboot": true,
            "os_network_config": null,
            "os_type": "cloud-init",
            "pool": "",
            "preprovision": true,
            "qemu_os": "other",
            "reboot_required": false,
            "scsihw": "virtio-scsi-pci",
            "searchdomain": "k3s.mrry.io",
            "serial": [
              {
                "id": 0,
                "type": "socket"
              }
            ],
            "sockets": 1,
            "ssh_forward_ip": null,
            "ssh_host": "172.22.0.230",
            "ssh_port": "22",
            "ssh_private_key": null,
            "ssh_user": null,
            "sshkeys": "ssh-ed25519 AAAAC3NzaC1lZDI1NTE5AAAAIE8zyMqlC1LHHWWk0v/wdfaVGYBoZSvD64xaAQZ5dOYh dave@mrry.io\n",
            "storage": "",
            "storage_type": "",
            "tags": "",
            "target_node": "k3s-h2",
            "unused_disk": [],
            "vcpus": 0,
            "vga": [
              {
                "memory": 0,
                "type": "qxl"
              }
            ],
            "vlan": -1,
            "vmid": 200
          },
          "sensitive_attributes": [
            [
              {
                "type": "get_attr",
                "value": "sshkeys"
              }
            ]
          ],
          "private": "bnVsbA==",
          "dependencies": [
            "data.sops_file.secrets"
          ]
        },
        {
          "index_key": "k3s-m3",
          "schema_version": 0,
          "attributes": {
            "additional_wait": 15,
            "agent": 1,
            "args": "",
            "balloon": 0,
            "bios": "seabios",
            "boot": "cdn",
            "bootdisk": "scsi0",
            "bridge": "",
            "ci_wait": null,
            "cicustom": "",
            "cipassword": "",
            "ciuser": "root",
            "clone": "k3s-h3-debian10-cloudimg",
            "clone_wait": 15,
            "cloudinit_cdrom_storage": null,
            "cores": 4,
            "cpu": "host",
            "default_ipv4_address": "172.22.0.225",
            "define_connection_info": true,
            "desc": "",
            "disk": [
              {
                "backup": 0,
                "cache": "none",
                "discard": "on",
                "file": "vm-300-disk-0",
                "format": "raw",
                "iothread": 0,
                "mbps": 0,
                "mbps_rd": 0,
                "mbps_rd_max": 0,
                "mbps_wr": 0,
                "mbps_wr_max": 0,
                "media": "",
                "replicate": 0,
                "size": "16G",
                "slot": 0,
                "ssd": 1,
                "storage": "local-lvm",
                "storage_type": "lvmthin",
                "type": "scsi",
                "volume": "local-lvm:vm-300-disk-0"
              }
            ],
            "disk_gb": 0,
            "force_create": false,
            "force_recreate_on_change_of": null,
            "full_clone": true,
            "guest_agent_ready_timeout": 600,
            "hastate": "",
            "hotplug": "network,disk,usb",
            "id": "k3s-h3/qemu/300",
            "ipconfig0": "ip=172.22.0.212/24,gw=172.22.0.254",
            "ipconfig1": "",
            "ipconfig2": "",
            "iso": null,
            "kvm": true,
            "mac": "",
            "memory": 4096,
            "name": "k3s-m3",
            "nameserver": "172.16.0.254",
            "network": [
              {
                "bridge": "vmbr0",
                "firewall": true,
                "link_down": false,
                "macaddr": "02:DE:4D:48:28:03",
                "model": "virtio",
                "queues": 0,
                "rate": 0,
                "tag": 22
              }
            ],
            "nic": "",
            "numa": false,
            "onboot": true,
            "os_network_config": null,
            "os_type": "cloud-init",
            "pool": "",
            "preprovision": true,
            "qemu_os": "other",
            "reboot_required": false,
            "scsihw": "virtio-scsi-pci",
            "searchdomain": "k3s.mrry.io",
            "serial": [
              {
                "id": 0,
                "type": "socket"
              }
            ],
            "sockets": 1,
            "ssh_forward_ip": null,
            "ssh_host": "172.22.0.225",
            "ssh_port": "22",
            "ssh_private_key": null,
            "ssh_user": null,
            "sshkeys": "ssh-ed25519 AAAAC3NzaC1lZDI1NTE5AAAAIE8zyMqlC1LHHWWk0v/wdfaVGYBoZSvD64xaAQZ5dOYh dave@mrry.io\n",
            "storage": "",
            "storage_type": "",
            "tags": "",
            "target_node": "k3s-h3",
            "unused_disk": [],
            "vcpus": 0,
            "vga": [
              {
                "memory": 0,
                "type": "qxl"
              }
            ],
            "vlan": -1,
            "vmid": 300
          },
          "sensitive_attributes": [
            [
              {
                "type": "get_attr",
                "value": "sshkeys"
              }
            ]
          ],
          "private": "bnVsbA==",
          "dependencies": [
            "data.sops_file.secrets"
          ]
        }
      ]
    },
    {
      "mode": "managed",
      "type": "proxmox_vm_qemu",
      "name": "kube-storage",
      "provider": "provider[\"registry.terraform.io/telmate/proxmox\"]",
      "instances": [
        {
          "index_key": "k3s-s1",
          "schema_version": 0,
          "attributes": {
            "additional_wait": 15,
            "agent": 1,
            "args": "",
            "balloon": 0,
            "bios": "seabios",
            "boot": "cdn",
            "bootdisk": "scsi0",
            "bridge": "",
            "ci_wait": null,
            "cicustom": "",
            "cipassword": "",
            "ciuser": "root",
            "clone": "k3s-h1-debian10-cloudimg",
            "clone_wait": 15,
            "cloudinit_cdrom_storage": null,
            "cores": 4,
            "cpu": "host",
            "default_ipv4_address": "172.22.0.228",
            "define_connection_info": true,
            "desc": "",
            "disk": [
              {
                "backup": 0,
                "cache": "none",
                "discard": "on",
                "file": "vm-120-disk-0",
                "format": "raw",
                "iothread": 0,
                "mbps": 0,
                "mbps_rd": 0,
                "mbps_rd_max": 0,
                "mbps_wr": 0,
                "mbps_wr_max": 0,
                "media": "",
                "replicate": 0,
                "size": "16G",
                "slot": 0,
                "ssd": 1,
                "storage": "local-lvm",
                "storage_type": "lvmthin",
                "type": "scsi",
                "volume": "local-lvm:vm-120-disk-0"
              },
              {
                "backup": 0,
                "cache": "none",
                "discard": "on",
                "file": "vm-120-disk-1",
                "format": "raw",
                "iothread": 0,
                "mbps": 0,
                "mbps_rd": 0,
                "mbps_rd_max": 0,
                "mbps_wr": 0,
                "mbps_wr_max": 0,
                "media": "",
                "replicate": 0,
                "size": "16G",
                "slot": 1,
                "ssd": 1,
                "storage": "local-lvm",
                "storage_type": "lvmthin",
                "type": "scsi",
                "volume": "local-lvm:vm-120-disk-1"
              }
            ],
            "disk_gb": 0,
            "force_create": false,
            "force_recreate_on_change_of": null,
            "full_clone": true,
            "guest_agent_ready_timeout": 600,
            "hastate": "",
            "hotplug": "network,disk,usb",
            "id": "k3s-h1/qemu/120",
            "ipconfig0": "ip=172.22.0.230/24,gw=172.22.0.254",
            "ipconfig1": "",
            "ipconfig2": "",
            "iso": null,
            "kvm": true,
            "mac": "",
            "memory": 4096,
            "name": "k3s-s1",
            "nameserver": "172.16.0.254",
            "network": [
              {
                "bridge": "vmbr0",
                "firewall": true,
                "link_down": false,
                "macaddr": "02:DE:4D:48:28:20",
                "model": "virtio",
                "queues": 0,
                "rate": 0,
                "tag": 22
              }
            ],
            "nic": "",
            "numa": false,
            "onboot": true,
            "os_network_config": null,
            "os_type": "cloud-init",
            "pool": "",
            "preprovision": true,
            "qemu_os": "other",
            "reboot_required": false,
            "scsihw": "virtio-scsi-pci",
            "searchdomain": "k3s.mrry.io",
            "serial": [
              {
                "id": 0,
                "type": "socket"
              }
            ],
            "sockets": 1,
            "ssh_forward_ip": null,
            "ssh_host": "172.22.0.228",
            "ssh_port": "22",
            "ssh_private_key": null,
            "ssh_user": null,
            "sshkeys": "ssh-ed25519 AAAAC3NzaC1lZDI1NTE5AAAAIE8zyMqlC1LHHWWk0v/wdfaVGYBoZSvD64xaAQZ5dOYh dave@mrry.io\n",
            "storage": "",
            "storage_type": "",
            "tags": "",
            "target_node": "k3s-h1",
            "unused_disk": [],
            "vcpus": 0,
            "vga": [
              {
                "memory": 0,
                "type": "qxl"
              }
            ],
            "vlan": -1,
            "vmid": 120
          },
          "sensitive_attributes": [
            [
              {
                "type": "get_attr",
                "value": "sshkeys"
              }
            ]
          ],
          "dependencies": [
            "data.sops_file.secrets"
          ]
        },
        {
          "index_key": "k3s-s2",
          "schema_version": 0,
          "attributes": {
            "additional_wait": 15,
            "agent": 1,
            "args": "",
            "balloon": 0,
            "bios": "seabios",
            "boot": "cdn",
            "bootdisk": "scsi0",
            "bridge": "",
            "ci_wait": null,
            "cicustom": "",
            "cipassword": "",
            "ciuser": "root",
            "clone": "k3s-h2-debian10-cloudimg",
            "clone_wait": 15,
            "cloudinit_cdrom_storage": null,
            "cores": 4,
            "cpu": "host",
            "default_ipv4_address": "172.22.0.224",
            "define_connection_info": true,
            "desc": "",
            "disk": [
              {
                "backup": 0,
                "cache": "none",
                "discard": "on",
                "file": "vm-220-disk-0",
                "format": "raw",
                "iothread": 0,
                "mbps": 0,
                "mbps_rd": 0,
                "mbps_rd_max": 0,
                "mbps_wr": 0,
                "mbps_wr_max": 0,
                "media": "",
                "replicate": 0,
                "size": "16G",
                "slot": 0,
                "ssd": 1,
                "storage": "local-lvm",
                "storage_type": "lvmthin",
                "type": "scsi",
                "volume": "local-lvm:vm-220-disk-0"
              }
            ],
            "disk_gb": 0,
            "force_create": false,
            "force_recreate_on_change_of": null,
            "full_clone": true,
            "guest_agent_ready_timeout": 600,
            "hastate": "",
            "hotplug": "network,disk,usb",
            "id": "k3s-h2/qemu/220",
            "ipconfig0": "ip=172.22.0.231/24,gw=172.22.0.254",
            "ipconfig1": "",
            "ipconfig2": "",
            "iso": null,
            "kvm": true,
            "mac": "",
            "memory": 4096,
            "name": "k3s-s2",
            "nameserver": "172.16.0.254",
            "network": [
              {
                "bridge": "vmbr0",
                "firewall": true,
                "link_down": false,
                "macaddr": "02:DE:4D:48:28:21",
                "model": "virtio",
                "queues": 0,
                "rate": 0,
                "tag": 22
              }
            ],
            "nic": "",
            "numa": false,
            "onboot": true,
            "os_network_config": null,
            "os_type": "cloud-init",
            "pool": "",
            "preprovision": true,
            "qemu_os": "other",
            "reboot_required": false,
            "scsihw": "virtio-scsi-pci",
            "searchdomain": "k3s.mrry.io",
            "serial": [
              {
                "id": 0,
                "type": "socket"
              }
            ],
            "sockets": 1,
            "ssh_forward_ip": null,
            "ssh_host": "172.22.0.224",
            "ssh_port": "22",
            "ssh_private_key": null,
            "ssh_user": null,
            "sshkeys": "ssh-ed25519 AAAAC3NzaC1lZDI1NTE5AAAAIE8zyMqlC1LHHWWk0v/wdfaVGYBoZSvD64xaAQZ5dOYh dave@mrry.io\n",
            "storage": "",
            "storage_type": "",
            "tags": "",
            "target_node": "k3s-h2",
            "unused_disk": [],
            "vcpus": 0,
            "vga": [
              {
                "memory": 0,
                "type": "qxl"
              }
            ],
            "vlan": -1,
            "vmid": 220
          },
          "sensitive_attributes": [
            [
              {
                "type": "get_attr",
                "value": "sshkeys"
              }
            ]
          ],
          "private": "bnVsbA==",
          "dependencies": [
            "data.sops_file.secrets"
          ]
        },
        {
          "index_key": "k3s-s3",
          "schema_version": 0,
          "attributes": {
            "additional_wait": 15,
            "agent": 1,
            "args": "",
            "balloon": 0,
            "bios": "seabios",
            "boot": "cdn",
            "bootdisk": "scsi0",
            "bridge": "",
            "ci_wait": null,
            "cicustom": "",
            "cipassword": "",
            "ciuser": "root",
            "clone": "k3s-h3-debian10-cloudimg",
            "clone_wait": 15,
            "cloudinit_cdrom_storage": null,
            "cores": 4,
            "cpu": "host",
            "default_ipv4_address": "172.22.0.223",
            "define_connection_info": true,
            "desc": "",
            "disk": [
              {
                "backup": 0,
                "cache": "none",
                "discard": "on",
                "file": "vm-320-disk-0",
                "format": "raw",
                "iothread": 0,
                "mbps": 0,
                "mbps_rd": 0,
                "mbps_rd_max": 0,
                "mbps_wr": 0,
                "mbps_wr_max": 0,
                "media": "",
                "replicate": 0,
                "size": "16G",
                "slot": 0,
                "ssd": 1,
                "storage": "local-lvm",
                "storage_type": "lvmthin",
                "type": "scsi",
                "volume": "local-lvm:vm-320-disk-0"
              },
              {
                "backup": 0,
                "cache": "none",
                "discard": "on",
                "file": "vm-320-disk-1",
                "format": "raw",
                "iothread": 0,
                "mbps": 0,
                "mbps_rd": 0,
                "mbps_rd_max": 0,
                "mbps_wr": 0,
                "mbps_wr_max": 0,
                "media": "",
                "replicate": 0,
                "size": "16G",
                "slot": 1,
                "ssd": 1,
                "storage": "local-lvm",
                "storage_type": "lvmthin",
                "type": "scsi",
                "volume": "local-lvm:vm-320-disk-1"
              }
            ],
            "disk_gb": 0,
            "force_create": false,
            "force_recreate_on_change_of": null,
            "full_clone": true,
            "guest_agent_ready_timeout": 600,
            "hastate": "",
            "hotplug": "network,disk,usb",
            "id": "k3s-h3/qemu/320",
            "ipconfig0": "ip=172.22.0.232/24,gw=172.22.0.254",
            "ipconfig1": "",
            "ipconfig2": "",
            "iso": null,
            "kvm": true,
            "mac": "",
            "memory": 4096,
            "name": "k3s-s3",
            "nameserver": "172.16.0.254",
            "network": [
              {
                "bridge": "vmbr0",
                "firewall": true,
                "link_down": false,
                "macaddr": "02:DE:4D:48:28:22",
                "model": "virtio",
                "queues": 0,
                "rate": 0,
                "tag": 22
              }
            ],
            "nic": "",
            "numa": false,
            "onboot": true,
            "os_network_config": null,
            "os_type": "cloud-init",
            "pool": "",
            "preprovision": true,
            "qemu_os": "other",
            "reboot_required": false,
            "scsihw": "virtio-scsi-pci",
            "searchdomain": "k3s.mrry.io",
            "serial": [
              {
                "id": 0,
                "type": "socket"
              }
            ],
            "sockets": 1,
            "ssh_forward_ip": null,
            "ssh_host": "172.22.0.223",
            "ssh_port": "22",
            "ssh_private_key": null,
            "ssh_user": null,
            "sshkeys": "ssh-ed25519 AAAAC3NzaC1lZDI1NTE5AAAAIE8zyMqlC1LHHWWk0v/wdfaVGYBoZSvD64xaAQZ5dOYh dave@mrry.io\n",
            "storage": "",
            "storage_type": "",
            "tags": "",
            "target_node": "k3s-h3",
            "unused_disk": [],
            "vcpus": 0,
            "vga": [
              {
                "memory": 0,
                "type": "qxl"
              }
            ],
            "vlan": -1,
            "vmid": 320
          },
          "sensitive_attributes": [
            [
              {
                "type": "get_attr",
                "value": "sshkeys"
              }
            ]
          ],
          "dependencies": [
            "data.sops_file.secrets"
          ]
        }
      ]
    },
    {
      "mode": "managed",
      "type": "proxmox_vm_qemu",
      "name": "kube-worker",
      "provider": "provider[\"registry.terraform.io/telmate/proxmox\"]",
      "instances": [
        {
          "index_key": "k3s-w1",
          "schema_version": 0,
          "attributes": {
            "additional_wait": 15,
            "agent": 1,
            "args": "",
            "balloon": 0,
            "bios": "seabios",
            "boot": "cdn",
            "bootdisk": "scsi0",
            "bridge": "",
            "ci_wait": null,
            "cicustom": "",
            "cipassword": "",
            "ciuser": "root",
            "clone": "k3s-h1-debian10-cloudimg",
            "clone_wait": 15,
            "cloudinit_cdrom_storage": null,
            "cores": 8,
            "cpu": "host",
            "default_ipv4_address": "172.22.0.226",
            "define_connection_info": true,
            "desc": "",
            "disk": [
              {
                "backup": 0,
                "cache": "none",
                "discard": "on",
                "file": "vm-110-disk-0",
                "format": "raw",
                "iothread": 0,
                "mbps": 0,
                "mbps_rd": 0,
                "mbps_rd_max": 0,
                "mbps_wr": 0,
                "mbps_wr_max": 0,
                "media": "",
                "replicate": 0,
                "size": "16G",
                "slot": 0,
                "ssd": 1,
                "storage": "local-lvm",
                "storage_type": "lvmthin",
                "type": "scsi",
                "volume": "local-lvm:vm-110-disk-0"
              }
            ],
            "disk_gb": 0,
            "force_create": false,
            "force_recreate_on_change_of": null,
            "full_clone": true,
            "guest_agent_ready_timeout": 600,
            "hastate": "",
            "hotplug": "network,disk,usb",
            "id": "k3s-h1/qemu/110",
            "ipconfig0": "ip=172.22.0.220/24,gw=172.22.0.254",
            "ipconfig1": "",
            "ipconfig2": "",
            "iso": null,
            "kvm": true,
            "mac": "",
            "memory": 22528,
            "name": "k3s-w1",
            "nameserver": "172.16.0.254",
            "network": [
              {
                "bridge": "vmbr0",
                "firewall": true,
                "link_down": false,
                "macaddr": "02:DE:4D:48:28:10",
                "model": "virtio",
                "queues": 0,
                "rate": 0,
                "tag": 22
              }
            ],
            "nic": "",
            "numa": false,
            "onboot": true,
            "os_network_config": null,
            "os_type": "cloud-init",
            "pool": "",
            "preprovision": true,
            "qemu_os": "other",
            "reboot_required": false,
            "scsihw": "virtio-scsi-pci",
            "searchdomain": "k3s.mrry.io",
            "serial": [
              {
                "id": 0,
                "type": "socket"
              }
            ],
            "sockets": 1,
            "ssh_forward_ip": null,
            "ssh_host": "172.22.0.226",
            "ssh_port": "22",
            "ssh_private_key": null,
            "ssh_user": null,
            "sshkeys": "ssh-ed25519 AAAAC3NzaC1lZDI1NTE5AAAAIE8zyMqlC1LHHWWk0v/wdfaVGYBoZSvD64xaAQZ5dOYh dave@mrry.io\n",
            "storage": "",
            "storage_type": "",
            "tags": "",
            "target_node": "k3s-h1",
            "unused_disk": [],
            "vcpus": 0,
            "vga": [
              {
                "memory": 0,
                "type": "qxl"
              }
            ],
            "vlan": -1,
            "vmid": 110
          },
          "sensitive_attributes": [
            [
              {
                "type": "get_attr",
                "value": "sshkeys"
              }
            ]
          ],
          "private": "bnVsbA==",
          "dependencies": [
            "data.sops_file.secrets"
          ]
        },
        {
          "index_key": "k3s-w2",
          "schema_version": 0,
          "attributes": {
            "additional_wait": 15,
            "agent": 1,
            "args": "",
            "balloon": 0,
            "bios": "seabios",
            "boot": "cdn",
            "bootdisk": "scsi0",
            "bridge": "",
            "ci_wait": null,
            "cicustom": "",
            "cipassword": "",
            "ciuser": "root",
            "clone": "k3s-h2-debian10-cloudimg",
            "clone_wait": 15,
            "cloudinit_cdrom_storage": null,
            "cores": 8,
            "cpu": "host",
            "default_ipv4_address": "172.22.0.227",
            "define_connection_info": true,
            "desc": "",
            "disk": [
              {
                "backup": 0,
                "cache": "none",
                "discard": "on",
                "file": "vm-210-disk-0",
                "format": "raw",
                "iothread": 0,
                "mbps": 0,
                "mbps_rd": 0,
                "mbps_rd_max": 0,
                "mbps_wr": 0,
                "mbps_wr_max": 0,
                "media": "",
                "replicate": 0,
                "size": "16G",
                "slot": 0,
                "ssd": 1,
                "storage": "local-lvm",
                "storage_type": "lvmthin",
                "type": "scsi",
                "volume": "local-lvm:vm-210-disk-0"
              }
            ],
            "disk_gb": 0,
            "force_create": false,
            "force_recreate_on_change_of": null,
            "full_clone": true,
            "guest_agent_ready_timeout": 600,
            "hastate": "",
            "hotplug": "network,disk,usb",
            "id": "k3s-h2/qemu/210",
            "ipconfig0": "ip=172.22.0.221/24,gw=172.22.0.254",
            "ipconfig1": "",
            "ipconfig2": "",
            "iso": null,
            "kvm": true,
            "mac": "",
            "memory": 22528,
            "name": "k3s-w2",
            "nameserver": "172.16.0.254",
            "network": [
              {
                "bridge": "vmbr0",
                "firewall": true,
                "link_down": false,
                "macaddr": "02:DE:4D:48:28:11",
                "model": "virtio",
                "queues": 0,
                "rate": 0,
                "tag": 22
              }
            ],
            "nic": "",
            "numa": false,
            "onboot": true,
            "os_network_config": null,
            "os_type": "cloud-init",
            "pool": "",
            "preprovision": true,
            "qemu_os": "other",
            "reboot_required": false,
            "scsihw": "virtio-scsi-pci",
            "searchdomain": "k3s.mrry.io",
            "serial": [
              {
                "id": 0,
                "type": "socket"
              }
            ],
            "sockets": 1,
            "ssh_forward_ip": null,
            "ssh_host": "172.22.0.227",
            "ssh_port": "22",
            "ssh_private_key": null,
            "ssh_user": null,
            "sshkeys": "ssh-ed25519 AAAAC3NzaC1lZDI1NTE5AAAAIE8zyMqlC1LHHWWk0v/wdfaVGYBoZSvD64xaAQZ5dOYh dave@mrry.io\n",
            "storage": "",
            "storage_type": "",
            "tags": "",
            "target_node": "k3s-h2",
            "unused_disk": [],
            "vcpus": 0,
            "vga": [
              {
                "memory": 0,
                "type": "qxl"
              }
            ],
            "vlan": -1,
            "vmid": 210
          },
          "sensitive_attributes": [
            [
              {
                "type": "get_attr",
                "value": "sshkeys"
              }
            ]
          ],
          "private": "bnVsbA==",
          "dependencies": [
            "data.sops_file.secrets"
          ]
        },
        {
          "index_key": "k3s-w3",
          "schema_version": 0,
          "attributes": {
            "additional_wait": 15,
            "agent": 1,
            "args": "",
            "balloon": 0,
            "bios": "seabios",
            "boot": "cdn",
            "bootdisk": "scsi0",
            "bridge": "",
            "ci_wait": null,
            "cicustom": "",
            "cipassword": "",
            "ciuser": "root",
            "clone": "k3s-h3-debian10-cloudimg",
            "clone_wait": 15,
            "cloudinit_cdrom_storage": null,
            "cores": 8,
            "cpu": "host",
            "default_ipv4_address": "172.22.0.231",
            "define_connection_info": true,
            "desc": "",
            "disk": [
              {
                "backup": 0,
                "cache": "none",
                "discard": "on",
                "file": "vm-310-disk-0",
                "format": "raw",
                "iothread": 0,
                "mbps": 0,
                "mbps_rd": 0,
                "mbps_rd_max": 0,
                "mbps_wr": 0,
                "mbps_wr_max": 0,
                "media": "",
                "replicate": 0,
                "size": "16G",
                "slot": 0,
                "ssd": 1,
                "storage": "local-lvm",
                "storage_type": "lvmthin",
                "type": "scsi",
                "volume": "local-lvm:vm-310-disk-0"
              }
            ],
            "disk_gb": 0,
            "force_create": false,
            "force_recreate_on_change_of": null,
            "full_clone": true,
            "guest_agent_ready_timeout": 600,
            "hastate": "",
            "hotplug": "network,disk,usb",
            "id": "k3s-h3/qemu/310",
            "ipconfig0": "ip=172.22.0.222/24,gw=172.22.0.254",
            "ipconfig1": "",
            "ipconfig2": "",
            "iso": null,
            "kvm": true,
            "mac": "",
            "memory": 22528,
            "name": "k3s-w3",
            "nameserver": "172.16.0.254",
            "network": [
              {
                "bridge": "vmbr0",
                "firewall": true,
                "link_down": false,
                "macaddr": "02:DE:4D:48:28:12",
                "model": "virtio",
                "queues": 0,
                "rate": 0,
                "tag": 22
              }
            ],
            "nic": "",
            "numa": false,
            "onboot": true,
            "os_network_config": null,
            "os_type": "cloud-init",
            "pool": "",
            "preprovision": true,
            "qemu_os": "other",
            "reboot_required": false,
            "scsihw": "virtio-scsi-pci",
            "searchdomain": "k3s.mrry.io",
            "serial": [
              {
                "id": 0,
                "type": "socket"
              }
            ],
            "sockets": 1,
            "ssh_forward_ip": null,
            "ssh_host": "172.22.0.231",
            "ssh_port": "22",
            "ssh_private_key": null,
            "ssh_user": null,
            "sshkeys": "ssh-ed25519 AAAAC3NzaC1lZDI1NTE5AAAAIE8zyMqlC1LHHWWk0v/wdfaVGYBoZSvD64xaAQZ5dOYh dave@mrry.io\n",
            "storage": "",
            "storage_type": "",
            "tags": "",
            "target_node": "k3s-h3",
            "unused_disk": [],
            "vcpus": 0,
            "vga": [
              {
                "memory": 0,
                "type": "qxl"
              }
            ],
            "vlan": -1,
            "vmid": 310
          },
          "sensitive_attributes": [
            [
              {
                "type": "get_attr",
                "value": "sshkeys"
              }
            ]
          ],
          "private": "bnVsbA==",
          "dependencies": [
            "data.sops_file.secrets"
          ]
        }
      ]
    }
  ]
}
